# This file is automatically @generated by Cargo.
# It is not intended for manual editing.
version = 4

[[package]]
name = "mpz-vm-sys"
version = "0.1.0"
source = "git+https://github.com/privacy-ethereum/mpz?rev=e208d5051fddc0aa36ab63af027235267c58b953#e208d5051fddc0aa36ab63af027235267c58b953"

[[package]]
name = "sha256-guest"
version = "0.0.0"
dependencies = [
 "mpz-vm-sys",
]

[[package]]
name = "sudoku-guest"
version = "0.0.0"
