# This file is automatically @generated by Cargo.
# It is not intended for manual editing.
version = 4

[[package]]
name = "mpz-vm-sys"
version = "0.1.0"
source = "git+https://github.com/privacy-ethereum/mpz?rev=69ee9240ff356b1879513910aa4be612532f0f2d#69ee9240ff356b1879513910aa4be612532f0f2d"

[[package]]
name = "sha256-guest"
version = "0.0.0"
dependencies = [
 "mpz-vm-sys",
]

[[package]]
name = "sudoku-guest"
version = "0.0.0"
