# This file is automatically @generated by Cargo.
# It is not intended for manual editing.
version = 4

[[package]]
name = "mpz-vm-sys"
version = "0.1.0"
source = "git+https://github.com/privacy-ethereum/mpz?rev=c1da5b42c373f8e6c7d6ef4a9b1b9239582ae6fa#c1da5b42c373f8e6c7d6ef4a9b1b9239582ae6fa"

[[package]]
name = "sha256-guest"
version = "0.0.0"
dependencies = [
 "mpz-vm-sys",
]

[[package]]
name = "sudoku-guest"
version = "0.0.0"
